# THIS IS AN AUTOGENERATED FILE. DO NOT EDIT THIS FILE DIRECTLY.
# yarn lockfile v1


geolib@^3.2.1:
  version "3.2.1"
  resolved "https://registry.yarnpkg.com/geolib/-/geolib-3.2.1.tgz#1d7c6e7106eddc10445ba2038550aab63d6e4fa4"
  integrity sha512-O9nD8iSD4VimupKak8bKySLkkWI5VWetxIXsU7jmJRXxBFRR9LxSXGfTomtcHJLSRiznx+YHXHTOIVq4qgQmPw==
